
Microsoft Visual Studio Solution File, Format Version 12.00
# Visual Studio Version 16
VisualStudioVersion = 16.0.28803.156
MinimumVisualStudioVersion = 10.0.40219.1
Project("{FAE04EC0-301F-11D3-BF4B-00C04F79EFBC}") = "RouteFinder", "SirkoProj\RouteFinder.csproj", "{3550512B-5A5B-4181-BBA5-F4FE3A93AF4A}"
EndProject
Global
	GlobalSection(SolutionConfigurationPlatforms) = preSolution
		Debug|Any CPU = Debug|Any CPU
		Release|Any CPU = Release|Any CPU
	EndGlobalSection
	GlobalSection(ProjectConfigurationPlatforms) = postSolution
		{3550512B-5A5B-4181-BBA5-F4FE3A93AF4A}.Debug|Any CPU.ActiveCfg = Debug|Any CPU
		{3550512B-5A5B-4181-BBA5-F4FE3A93AF4A}.Debug|Any CPU.Build.0 = Debug|Any CPU
		{3550512B-5A5B-4181-BBA5-F4FE3A93AF4A}.Release|Any CPU.ActiveCfg = Release|Any CPU
		{3550512B-5A5B-4181-BBA5-F4FE3A93AF4A}.Release|Any CPU.Build.0 = Release|Any CPU
	EndGlobalSection
	GlobalSection(SolutionProperties) = preSolution
		HideSolutionNode = FALSE
	EndGlobalSection
	GlobalSection(ExtensibilityGlobals) = postSolution
		SolutionGuid = {0D497A58-72E9-4FCB-9DE5-9B88B4176E2D}
	EndGlobalSection
EndGlobal
